# This file is automatically @generated by Cargo.
# It is not intended for manual editing.
version = 4

[[package]]
name = "tinox"
version = "0.1.0-dev"
dependencies = [
 "tinox-codegen",
 "tinox-common",
 "tinox-lexer",
 "tinox-parser",
 "tinox-typecheck",
]

[[package]]
name = "tinox-codegen"
version = "0.1.0-dev"
dependencies = [
 "tinox-common",
 "tinox-parser",
]

[[package]]
name = "tinox-common"
version = "0.1.0-dev"

[[package]]
name = "tinox-lexer"
version = "0.1.0-dev"
dependencies = [
 "tinox-common",
]

[[package]]
name = "tinox-parser"
version = "0.1.0-dev"
dependencies = [
 "tinox-common",
 "tinox-lexer",
]

[[package]]
name = "tinox-typecheck"
version = "0.1.0-dev"
dependencies = [
 "tinox-common",
 "tinox-lexer",
 "tinox-parser",
]
